
Microsoft Visual Studio Solution File, Format Version 12.00
# Visual Studio Version 17
VisualStudioVersion = 17.3.32929.385
MinimumVisualStudioVersion = 10.0.40219.1
Project("{FAE04EC0-301F-11D3-BF4B-00C04F79EFBC}") = "CharEdit_Project", "CharEdit_Project\CharEdit_Project.csproj", "{D3DDBB68-0D1B-4BE9-9725-773058CD6048}"
EndProject
Global
	GlobalSection(SolutionConfigurationPlatforms) = preSolution
		Debug|Any CPU = Debug|Any CPU
		Release|Any CPU = Release|Any CPU
	EndGlobalSection
	GlobalSection(ProjectConfigurationPlatforms) = postSolution
		{D3DDBB68-0D1B-4BE9-9725-773058CD6048}.Debug|Any CPU.ActiveCfg = Debug|Any CPU
		{D3DDBB68-0D1B-4BE9-9725-773058CD6048}.Debug|Any CPU.Build.0 = Debug|Any CPU
		{D3DDBB68-0D1B-4BE9-9725-773058CD6048}.Release|Any CPU.ActiveCfg = Release|Any CPU
		{D3DDBB68-0D1B-4BE9-9725-773058CD6048}.Release|Any CPU.Build.0 = Release|Any CPU
	EndGlobalSection
	GlobalSection(SolutionProperties) = preSolution
		HideSolutionNode = FALSE
	EndGlobalSection
	GlobalSection(ExtensibilityGlobals) = postSolution
		SolutionGuid = {6DF5EE4A-9B7C-4576-B74D-A44FE11FB5D9}
	EndGlobalSection
EndGlobal
